
Microsoft Visual Studio Solution File, Format Version 12.00
# Visual Studio Version 17
VisualStudioVersion = 17.3.32922.545
MinimumVisualStudioVersion = 10.0.40219.1
Project("{9A19103F-16F7-4668-BE54-9A1E7A4F7556}") = "HiepStore", "HiepStore\HiepStore.csproj", "{5D91BE4B-C897-4008-B204-31FF5111ECC8}"
EndProject
Project("{FAE04EC0-301F-11D3-BF4B-00C04F79EFBC}") = "HiepStore.Facebook.Core", "HiepStore.Facebook.Core\HiepStore.Facebook.Core.csproj", "{531ECDD9-6D4D-4A49-AC8D-300086B4AA7D}"
EndProject
Global
	GlobalSection(SolutionConfigurationPlatforms) = preSolution
		Debug|Any CPU = Debug|Any CPU
		Release|Any CPU = Release|Any CPU
	EndGlobalSection
	GlobalSection(ProjectConfigurationPlatforms) = postSolution
		{5D91BE4B-C897-4008-B204-31FF5111ECC8}.Debug|Any CPU.ActiveCfg = Debug|Any CPU
		{5D91BE4B-C897-4008-B204-31FF5111ECC8}.Debug|Any CPU.Build.0 = Debug|Any CPU
		{5D91BE4B-C897-4008-B204-31FF5111ECC8}.Release|Any CPU.ActiveCfg = Release|Any CPU
		{5D91BE4B-C897-4008-B204-31FF5111ECC8}.Release|Any CPU.Build.0 = Release|Any CPU
		{531ECDD9-6D4D-4A49-AC8D-300086B4AA7D}.Debug|Any CPU.ActiveCfg = Debug|Any CPU
		{531ECDD9-6D4D-4A49-AC8D-300086B4AA7D}.Debug|Any CPU.Build.0 = Debug|Any CPU
		{531ECDD9-6D4D-4A49-AC8D-300086B4AA7D}.Release|Any CPU.ActiveCfg = Release|Any CPU
		{531ECDD9-6D4D-4A49-AC8D-300086B4AA7D}.Release|Any CPU.Build.0 = Release|Any CPU
	EndGlobalSection
	GlobalSection(SolutionProperties) = preSolution
		HideSolutionNode = FALSE
	EndGlobalSection
	GlobalSection(ExtensibilityGlobals) = postSolution
		SolutionGuid = {4F448D40-F571-44E8-B70C-5D259943B152}
	EndGlobalSection
EndGlobal
